
Microsoft Visual Studio Solution File, Format Version 12.00
# Visual Studio Version 17
VisualStudioVersion = 17.10.35013.160
MinimumVisualStudioVersion = 10.0.40219.1
Project("{8BC9CEB8-8B4A-11D0-8D11-00A0C91BC942}") = "lapchikPult1.0", "lapchikPult1.0\lapchikPult1.0.vcxproj", "{7CE77F09-37E5-4007-8E76-13C0E07CA249}"
EndProject
Global
	GlobalSection(SolutionConfigurationPlatforms) = preSolution
		Debug|x64 = Debug|x64
		Debug|x86 = Debug|x86
		Release|x64 = Release|x64
		Release|x86 = Release|x86
	EndGlobalSection
	GlobalSection(ProjectConfigurationPlatforms) = postSolution
		{7CE77F09-37E5-4007-8E76-13C0E07CA249}.Debug|x64.ActiveCfg = Debug|x64
		{7CE77F09-37E5-4007-8E76-13C0E07CA249}.Debug|x64.Build.0 = Debug|x64
		{7CE77F09-37E5-4007-8E76-13C0E07CA249}.Debug|x86.ActiveCfg = Debug|Win32
		{7CE77F09-37E5-4007-8E76-13C0E07CA249}.Debug|x86.Build.0 = Debug|Win32
		{7CE77F09-37E5-4007-8E76-13C0E07CA249}.Release|x64.ActiveCfg = Release|x64
		{7CE77F09-37E5-4007-8E76-13C0E07CA249}.Release|x64.Build.0 = Release|x64
		{7CE77F09-37E5-4007-8E76-13C0E07CA249}.Release|x86.ActiveCfg = Release|Win32
		{7CE77F09-37E5-4007-8E76-13C0E07CA249}.Release|x86.Build.0 = Release|Win32
	EndGlobalSection
	GlobalSection(SolutionProperties) = preSolution
		HideSolutionNode = FALSE
	EndGlobalSection
	GlobalSection(ExtensibilityGlobals) = postSolution
		SolutionGuid = {59F7F422-79E6-45F0-9FB0-1CA4FE49619E}
	EndGlobalSection
EndGlobal
